
Microsoft Visual Studio Solution File, Format Version 12.00
# Visual Studio Version 16
VisualStudioVersion = 16.0.31613.86
MinimumVisualStudioVersion = 10.0.40219.1
Project("{9A19103F-16F7-4668-BE54-9A1E7A4F7556}") = "jdpino.Common", "jdpino.Common\jdpino.Common.csproj", "{E1C63552-E3BA-4DBA-AEE6-2B64687684CB}"
EndProject
Project("{9A19103F-16F7-4668-BE54-9A1E7A4F7556}") = "Jdpino.Functions", "Jdpino.Functions\Jdpino.Functions.csproj", "{44CD0E2F-029C-47AB-91D5-CC2C7D143626}"
EndProject
Project("{FAE04EC0-301F-11D3-BF4B-00C04F79EFBC}") = "jdpino.Tests", "jdpino.Tests\jdpino.Tests.csproj", "{83F271B6-7E54-480C-8B4D-1B7EE9D387BF}"
EndProject
Global
	GlobalSection(SolutionConfigurationPlatforms) = preSolution
		Debug|Any CPU = Debug|Any CPU
		Release|Any CPU = Release|Any CPU
	EndGlobalSection
	GlobalSection(ProjectConfigurationPlatforms) = postSolution
		{E1C63552-E3BA-4DBA-AEE6-2B64687684CB}.Debug|Any CPU.ActiveCfg = Debug|Any CPU
		{E1C63552-E3BA-4DBA-AEE6-2B64687684CB}.Debug|Any CPU.Build.0 = Debug|Any CPU
		{E1C63552-E3BA-4DBA-AEE6-2B64687684CB}.Release|Any CPU.ActiveCfg = Release|Any CPU
		{E1C63552-E3BA-4DBA-AEE6-2B64687684CB}.Release|Any CPU.Build.0 = Release|Any CPU
		{44CD0E2F-029C-47AB-91D5-CC2C7D143626}.Debug|Any CPU.ActiveCfg = Debug|Any CPU
		{44CD0E2F-029C-47AB-91D5-CC2C7D143626}.Debug|Any CPU.Build.0 = Debug|Any CPU
		{44CD0E2F-029C-47AB-91D5-CC2C7D143626}.Release|Any CPU.ActiveCfg = Release|Any CPU
		{44CD0E2F-029C-47AB-91D5-CC2C7D143626}.Release|Any CPU.Build.0 = Release|Any CPU
		{83F271B6-7E54-480C-8B4D-1B7EE9D387BF}.Debug|Any CPU.ActiveCfg = Debug|Any CPU
		{83F271B6-7E54-480C-8B4D-1B7EE9D387BF}.Debug|Any CPU.Build.0 = Debug|Any CPU
		{83F271B6-7E54-480C-8B4D-1B7EE9D387BF}.Release|Any CPU.ActiveCfg = Release|Any CPU
		{83F271B6-7E54-480C-8B4D-1B7EE9D387BF}.Release|Any CPU.Build.0 = Release|Any CPU
	EndGlobalSection
	GlobalSection(SolutionProperties) = preSolution
		HideSolutionNode = FALSE
	EndGlobalSection
	GlobalSection(ExtensibilityGlobals) = postSolution
		SolutionGuid = {2A83DC26-AAA1-4E23-9D08-00A04BC1C919}
	EndGlobalSection
EndGlobal
